
Microsoft Visual Studio Solution File, Format Version 12.00
# Visual Studio Version 16
VisualStudioVersion = 16.0.31729.503
MinimumVisualStudioVersion = 10.0.40219.1
Project("{2150E333-8FDC-42A3-9474-1A3956D46DE8}") = "01.CL.WebApi", "01.CL.WebApi", "{7DB31B6B-59AD-4422-8988-7FD622AA4AC8}"
EndProject
Project("{2150E333-8FDC-42A3-9474-1A3956D46DE8}") = "02.CL.Manager", "02.CL.Manager", "{B3FF0A4E-098B-468B-BB6D-21CE4ABF1B92}"
EndProject
Project("{2150E333-8FDC-42A3-9474-1A3956D46DE8}") = "03.CL.Data", "03.CL.Data", "{DF28C155-F8CF-4CDC-9734-187A7F2D979B}"
EndProject
Project("{2150E333-8FDC-42A3-9474-1A3956D46DE8}") = "04.CL.Core", "04.CL.Core", "{08247C4C-F0DC-4799-9CFD-40C76BCF4F51}"
EndProject
Project("{2150E333-8FDC-42A3-9474-1A3956D46DE8}") = "05.CL.Tests", "05.CL.Tests", "{2DC46D6E-6658-4CD4-BC24-61C51D06DD00}"
EndProject
Project("{FAE04EC0-301F-11D3-BF4B-00C04F79EFBC}") = "CL.Manager", "CL.Manager\CL.Manager.csproj", "{21157AC1-7110-43EF-B463-76A6C549BBC9}"
EndProject
Project("{FAE04EC0-301F-11D3-BF4B-00C04F79EFBC}") = "CL.Data", "CL.Data\CL.Data.csproj", "{0B236F5B-43E4-49AC-AA39-7F5E145A887F}"
EndProject
Project("{FAE04EC0-301F-11D3-BF4B-00C04F79EFBC}") = "CL.Core", "CL.Core\CL.Core.csproj", "{8BCF5211-46FF-469C-841C-B07440E929DF}"
EndProject
Project("{FAE04EC0-301F-11D3-BF4B-00C04F79EFBC}") = "CL.Tests", "CL.Tests\CL.Tests.csproj", "{EAAF4E53-8CB2-45F7-90A5-ADDF3DEE2A1A}"
EndProject
Project("{FAE04EC0-301F-11D3-BF4B-00C04F79EFBC}") = "CL.WebApi", "CL.WebApi\CL.WebApi.csproj", "{79776F64-997D-4E20-837F-ECAA856ABD30}"
EndProject
Global
	GlobalSection(SolutionConfigurationPlatforms) = preSolution
		Debug|Any CPU = Debug|Any CPU
		Release|Any CPU = Release|Any CPU
	EndGlobalSection
	GlobalSection(ProjectConfigurationPlatforms) = postSolution
		{21157AC1-7110-43EF-B463-76A6C549BBC9}.Debug|Any CPU.ActiveCfg = Debug|Any CPU
		{21157AC1-7110-43EF-B463-76A6C549BBC9}.Debug|Any CPU.Build.0 = Debug|Any CPU
		{21157AC1-7110-43EF-B463-76A6C549BBC9}.Release|Any CPU.ActiveCfg = Release|Any CPU
		{21157AC1-7110-43EF-B463-76A6C549BBC9}.Release|Any CPU.Build.0 = Release|Any CPU
		{0B236F5B-43E4-49AC-AA39-7F5E145A887F}.Debug|Any CPU.ActiveCfg = Debug|Any CPU
		{0B236F5B-43E4-49AC-AA39-7F5E145A887F}.Debug|Any CPU.Build.0 = Debug|Any CPU
		{0B236F5B-43E4-49AC-AA39-7F5E145A887F}.Release|Any CPU.ActiveCfg = Release|Any CPU
		{0B236F5B-43E4-49AC-AA39-7F5E145A887F}.Release|Any CPU.Build.0 = Release|Any CPU
		{8BCF5211-46FF-469C-841C-B07440E929DF}.Debug|Any CPU.ActiveCfg = Debug|Any CPU
		{8BCF5211-46FF-469C-841C-B07440E929DF}.Debug|Any CPU.Build.0 = Debug|Any CPU
		{8BCF5211-46FF-469C-841C-B07440E929DF}.Release|Any CPU.ActiveCfg = Release|Any CPU
		{8BCF5211-46FF-469C-841C-B07440E929DF}.Release|Any CPU.Build.0 = Release|Any CPU
		{EAAF4E53-8CB2-45F7-90A5-ADDF3DEE2A1A}.Debug|Any CPU.ActiveCfg = Debug|Any CPU
		{EAAF4E53-8CB2-45F7-90A5-ADDF3DEE2A1A}.Debug|Any CPU.Build.0 = Debug|Any CPU
		{EAAF4E53-8CB2-45F7-90A5-ADDF3DEE2A1A}.Release|Any CPU.ActiveCfg = Release|Any CPU
		{EAAF4E53-8CB2-45F7-90A5-ADDF3DEE2A1A}.Release|Any CPU.Build.0 = Release|Any CPU
		{79776F64-997D-4E20-837F-ECAA856ABD30}.Debug|Any CPU.ActiveCfg = Debug|Any CPU
		{79776F64-997D-4E20-837F-ECAA856ABD30}.Debug|Any CPU.Build.0 = Debug|Any CPU
		{79776F64-997D-4E20-837F-ECAA856ABD30}.Release|Any CPU.ActiveCfg = Release|Any CPU
		{79776F64-997D-4E20-837F-ECAA856ABD30}.Release|Any CPU.Build.0 = Release|Any CPU
	EndGlobalSection
	GlobalSection(SolutionProperties) = preSolution
		HideSolutionNode = FALSE
	EndGlobalSection
	GlobalSection(NestedProjects) = preSolution
		{21157AC1-7110-43EF-B463-76A6C549BBC9} = {B3FF0A4E-098B-468B-BB6D-21CE4ABF1B92}
		{0B236F5B-43E4-49AC-AA39-7F5E145A887F} = {DF28C155-F8CF-4CDC-9734-187A7F2D979B}
		{8BCF5211-46FF-469C-841C-B07440E929DF} = {08247C4C-F0DC-4799-9CFD-40C76BCF4F51}
		{EAAF4E53-8CB2-45F7-90A5-ADDF3DEE2A1A} = {2DC46D6E-6658-4CD4-BC24-61C51D06DD00}
		{79776F64-997D-4E20-837F-ECAA856ABD30} = {7DB31B6B-59AD-4422-8988-7FD622AA4AC8}
	EndGlobalSection
	GlobalSection(ExtensibilityGlobals) = postSolution
		SolutionGuid = {4271C370-72B4-4D44-B830-7897117CF4BB}
	EndGlobalSection
EndGlobal
